
Microsoft Visual Studio Solution File, Format Version 12.00
# Visual Studio Version 16
VisualStudioVersion = 16.0.31515.178
MinimumVisualStudioVersion = 10.0.40219.1
Project("{8BC9CEB8-8B4A-11D0-8D11-00A0C91BC942}") = "Algorithm", "Theor\Theor.vcxproj", "{0B9AE87C-9DDC-40D5-BA5B-4F5BAD7BD11D}"
EndProject
Project("{8BC9CEB8-8B4A-11D0-8D11-00A0C91BC942}") = "Algorithm_2ndWeek", "Algorithm_2ndWeek\Algorithm_2ndWeek.vcxproj", "{3443F12C-B9E6-4619-8373-38469197262E}"
EndProject
Project("{8BC9CEB8-8B4A-11D0-8D11-00A0C91BC942}") = "Algorithm_3rdWeek", "Algorithm_3rdWeek\Algorithm_3rdWeek.vcxproj", "{4BE6B9FC-162C-462F-A76E-5D84351C6E65}"
EndProject
Global
	GlobalSection(SolutionConfigurationPlatforms) = preSolution
		Debug|x64 = Debug|x64
		Debug|x86 = Debug|x86
		Release|x64 = Release|x64
		Release|x86 = Release|x86
	EndGlobalSection
	GlobalSection(ProjectConfigurationPlatforms) = postSolution
		{0B9AE87C-9DDC-40D5-BA5B-4F5BAD7BD11D}.Debug|x64.ActiveCfg = Debug|x64
		{0B9AE87C-9DDC-40D5-BA5B-4F5BAD7BD11D}.Debug|x64.Build.0 = Debug|x64
		{0B9AE87C-9DDC-40D5-BA5B-4F5BAD7BD11D}.Debug|x86.ActiveCfg = Debug|Win32
		{0B9AE87C-9DDC-40D5-BA5B-4F5BAD7BD11D}.Debug|x86.Build.0 = Debug|Win32
		{0B9AE87C-9DDC-40D5-BA5B-4F5BAD7BD11D}.Release|x64.ActiveCfg = Release|x64
		{0B9AE87C-9DDC-40D5-BA5B-4F5BAD7BD11D}.Release|x64.Build.0 = Release|x64
		{0B9AE87C-9DDC-40D5-BA5B-4F5BAD7BD11D}.Release|x86.ActiveCfg = Release|Win32
		{0B9AE87C-9DDC-40D5-BA5B-4F5BAD7BD11D}.Release|x86.Build.0 = Release|Win32
		{3443F12C-B9E6-4619-8373-38469197262E}.Debug|x64.ActiveCfg = Debug|x64
		{3443F12C-B9E6-4619-8373-38469197262E}.Debug|x64.Build.0 = Debug|x64
		{3443F12C-B9E6-4619-8373-38469197262E}.Debug|x86.ActiveCfg = Debug|Win32
		{3443F12C-B9E6-4619-8373-38469197262E}.Debug|x86.Build.0 = Debug|Win32
		{3443F12C-B9E6-4619-8373-38469197262E}.Release|x64.ActiveCfg = Release|x64
		{3443F12C-B9E6-4619-8373-38469197262E}.Release|x64.Build.0 = Release|x64
		{3443F12C-B9E6-4619-8373-38469197262E}.Release|x86.ActiveCfg = Release|Win32
		{3443F12C-B9E6-4619-8373-38469197262E}.Release|x86.Build.0 = Release|Win32
		{4BE6B9FC-162C-462F-A76E-5D84351C6E65}.Debug|x64.ActiveCfg = Debug|x64
		{4BE6B9FC-162C-462F-A76E-5D84351C6E65}.Debug|x64.Build.0 = Debug|x64
		{4BE6B9FC-162C-462F-A76E-5D84351C6E65}.Debug|x86.ActiveCfg = Debug|Win32
		{4BE6B9FC-162C-462F-A76E-5D84351C6E65}.Debug|x86.Build.0 = Debug|Win32
		{4BE6B9FC-162C-462F-A76E-5D84351C6E65}.Release|x64.ActiveCfg = Release|x64
		{4BE6B9FC-162C-462F-A76E-5D84351C6E65}.Release|x64.Build.0 = Release|x64
		{4BE6B9FC-162C-462F-A76E-5D84351C6E65}.Release|x86.ActiveCfg = Release|Win32
		{4BE6B9FC-162C-462F-A76E-5D84351C6E65}.Release|x86.Build.0 = Release|Win32
	EndGlobalSection
	GlobalSection(SolutionProperties) = preSolution
		HideSolutionNode = FALSE
	EndGlobalSection
	GlobalSection(ExtensibilityGlobals) = postSolution
		SolutionGuid = {D46A1325-E5A8-4665-B504-F07A2854456B}
	EndGlobalSection
EndGlobal
